// !$*UTF8*$!
{
	archiveVersion = 1;
	classes = {
	};
	objectVersion = 46;
	objects = {

/* Begin PBXBuildFile section */
		0292A859CA4A06A1FE5BFCCB /* Pods_JLDishwasherUITests.framework in Frameworks */ = {isa = PBXBuildFile; fileRef = 601DCC61CA0D4264E3C0B259 /* Pods_JLDishwasherUITests.framework */; };
		29167BDC1E0ABD40007F2231 /* AppDelegate.swift in Sources */ = {isa = PBXBuildFile; fileRef = 29167BDB1E0ABD40007F2231 /* AppDelegate.swift */; };
		29167BE11E0ABD40007F2231 /* DisplayGrid.storyboard in Resources */ = {isa = PBXBuildFile; fileRef = 29167BDF1E0ABD40007F2231 /* DisplayGrid.storyboard */; };
		29167BE31E0ABD40007F2231 /* Assets.xcassets in Resources */ = {isa = PBXBuildFile; fileRef = 29167BE21E0ABD40007F2231 /* Assets.xcassets */; };
		29167BE61E0ABD40007F2231 /* LaunchScreen.storyboard in Resources */ = {isa = PBXBuildFile; fileRef = 29167BE41E0ABD40007F2231 /* LaunchScreen.storyboard */; };
		29167BFC1E0ABD40007F2231 /* JLDishwasherUITests.swift in Sources */ = {isa = PBXBuildFile; fileRef = 29167BFB1E0ABD40007F2231 /* JLDishwasherUITests.swift */; };
		29167C1E1E0AC22D007F2231 /* DisplayGridServicesProtocol.swift in Sources */ = {isa = PBXBuildFile; fileRef = 29167C1D1E0AC22D007F2231 /* DisplayGridServicesProtocol.swift */; };
		29167C201E0AC242007F2231 /* DisplayGridDataManagerProtocol.swift in Sources */ = {isa = PBXBuildFile; fileRef = 29167C1F1E0AC242007F2231 /* DisplayGridDataManagerProtocol.swift */; };
		29167C231E0AC257007F2231 /* DisplayGridInteractorProtocol.swift in Sources */ = {isa = PBXBuildFile; fileRef = 29167C221E0AC257007F2231 /* DisplayGridInteractorProtocol.swift */; };
		29167C251E0AC26C007F2231 /* DisplayGridPresenterProtocol.swift in Sources */ = {isa = PBXBuildFile; fileRef = 29167C241E0AC26C007F2231 /* DisplayGridPresenterProtocol.swift */; };
		29167C271E0AC27D007F2231 /* DisplayGridViewController.swift in Sources */ = {isa = PBXBuildFile; fileRef = 29167C261E0AC27D007F2231 /* DisplayGridViewController.swift */; };
		29167C291E0AC289007F2231 /* DisplayGridPresenter.swift in Sources */ = {isa = PBXBuildFile; fileRef = 29167C281E0AC289007F2231 /* DisplayGridPresenter.swift */; };
		29167C2B1E0AC296007F2231 /* DisplayGridInteractor.swift in Sources */ = {isa = PBXBuildFile; fileRef = 29167C2A1E0AC296007F2231 /* DisplayGridInteractor.swift */; };
		29167C2D1E0AC2A6007F2231 /* DisplayGridDataManager.swift in Sources */ = {isa = PBXBuildFile; fileRef = 29167C2C1E0AC2A6007F2231 /* DisplayGridDataManager.swift */; };
		29167C2F1E0AC2B5007F2231 /* DisplayGridServices.swift in Sources */ = {isa = PBXBuildFile; fileRef = 29167C2E1E0AC2B5007F2231 /* DisplayGridServices.swift */; };
		29167C311E0AC2C7007F2231 /* DisplayDetailServicesProtocol.swift in Sources */ = {isa = PBXBuildFile; fileRef = 29167C301E0AC2C7007F2231 /* DisplayDetailServicesProtocol.swift */; };
		29167C331E0AC2D7007F2231 /* DisplayDetailDataManagerProtocol.swift in Sources */ = {isa = PBXBuildFile; fileRef = 29167C321E0AC2D7007F2231 /* DisplayDetailDataManagerProtocol.swift */; };
		29167C351E0AC2E8007F2231 /* DisplayDetailInteractorProtocol.swift in Sources */ = {isa = PBXBuildFile; fileRef = 29167C341E0AC2E8007F2231 /* DisplayDetailInteractorProtocol.swift */; };
		29167C371E0AC2F6007F2231 /* DisplayDetailPresenterProtocol.swift in Sources */ = {isa = PBXBuildFile; fileRef = 29167C361E0AC2F6007F2231 /* DisplayDetailPresenterProtocol.swift */; };
		29167C391E0AC30E007F2231 /* DisplayDetailViewController.swift in Sources */ = {isa = PBXBuildFile; fileRef = 29167C381E0AC30E007F2231 /* DisplayDetailViewController.swift */; };
		29167C3B1E0AC382007F2231 /* DisplayDetailPresenter.swift in Sources */ = {isa = PBXBuildFile; fileRef = 29167C3A1E0AC382007F2231 /* DisplayDetailPresenter.swift */; };
		29167C3D1E0AC3A7007F2231 /* DisplayDetailInteractor.swift in Sources */ = {isa = PBXBuildFile; fileRef = 29167C3C1E0AC3A7007F2231 /* DisplayDetailInteractor.swift */; };
		29167C3F1E0AC3D6007F2231 /* DisplayDetailDataManager.swift in Sources */ = {isa = PBXBuildFile; fileRef = 29167C3E1E0AC3D6007F2231 /* DisplayDetailDataManager.swift */; };
		29167C411E0AC578007F2231 /* DisplayDetailServices.swift in Sources */ = {isa = PBXBuildFile; fileRef = 29167C401E0AC578007F2231 /* DisplayDetailServices.swift */; };
		29167C431E0AC8D5007F2231 /* DisplayDetail.storyboard in Resources */ = {isa = PBXBuildFile; fileRef = 29167C421E0AC8D5007F2231 /* DisplayDetail.storyboard */; };
		29167C461E0ACBC0007F2231 /* TestDisplayGridViewController.swift in Sources */ = {isa = PBXBuildFile; fileRef = 29167C451E0ACBC0007F2231 /* TestDisplayGridViewController.swift */; };
		29167C4C1E0ACC30007F2231 /* TestDisplayGridPresenter.swift in Sources */ = {isa = PBXBuildFile; fileRef = 29167C4B1E0ACC30007F2231 /* TestDisplayGridPresenter.swift */; };
		29167C4E1E0ACC3E007F2231 /* TestDisplayGridInteractor.swift in Sources */ = {isa = PBXBuildFile; fileRef = 29167C4D1E0ACC3E007F2231 /* TestDisplayGridInteractor.swift */; };
		29167C501E0ACC4D007F2231 /* TestDisplayGridDataManager.swift in Sources */ = {isa = PBXBuildFile; fileRef = 29167C4F1E0ACC4D007F2231 /* TestDisplayGridDataManager.swift */; };
		29167C521E0ACC5A007F2231 /* TestDisplayGridServices.swift in Sources */ = {isa = PBXBuildFile; fileRef = 29167C511E0ACC5A007F2231 /* TestDisplayGridServices.swift */; };
		29167C541E0ACC79007F2231 /* TestDisplayDetailViewController.swift in Sources */ = {isa = PBXBuildFile; fileRef = 29167C531E0ACC79007F2231 /* TestDisplayDetailViewController.swift */; };
		29167C561E0ACC94007F2231 /* TestDisplayDetailPresenter.swift in Sources */ = {isa = PBXBuildFile; fileRef = 29167C551E0ACC94007F2231 /* TestDisplayDetailPresenter.swift */; };
		29167C581E0ACD30007F2231 /* TestDisplayDetailInteractor.swift in Sources */ = {isa = PBXBuildFile; fileRef = 29167C571E0ACD30007F2231 /* TestDisplayDetailInteractor.swift */; };
		29167C5A1E0ACD47007F2231 /* TestDisplayDetailDataManager.swift in Sources */ = {isa = PBXBuildFile; fileRef = 29167C591E0ACD47007F2231 /* TestDisplayDetailDataManager.swift */; };
		29167C5C1E0ACD5E007F2231 /* TestDisplayDetailServices.swift in Sources */ = {isa = PBXBuildFile; fileRef = 29167C5B1E0ACD5E007F2231 /* TestDisplayDetailServices.swift */; };
		4E42B8D2CFCCCA9616A73BFA /* Pods_JLDishwasher.framework in Frameworks */ = {isa = PBXBuildFile; fileRef = 5645079931B06CCA6E756112 /* Pods_JLDishwasher.framework */; };
		D9F7631EC4D9C40848160658 /* Pods_JLDishwasherTests.framework in Frameworks */ = {isa = PBXBuildFile; fileRef = DCD7F0A0ADBD652CB4F416E9 /* Pods_JLDishwasherTests.framework */; };
/* End PBXBuildFile section */

/* Begin PBXContainerItemProxy section */
		29167BED1E0ABD40007F2231 /* PBXContainerItemProxy */ = {
			isa = PBXContainerItemProxy;
			containerPortal = 29167BD01E0ABD40007F2231 /* Project object */;
			proxyType = 1;
			remoteGlobalIDString = 29167BD71E0ABD40007F2231;
			remoteInfo = JLDishwasher;
		};
		29167BF81E0ABD40007F2231 /* PBXContainerItemProxy */ = {
			isa = PBXContainerItemProxy;
			containerPortal = 29167BD01E0ABD40007F2231 /* Project object */;
			proxyType = 1;
			remoteGlobalIDString = 29167BD71E0ABD40007F2231;
			remoteInfo = JLDishwasher;
		};
/* End PBXContainerItemProxy section */

/* Begin PBXFileReference section */
		10346C1AC4A092D427F7DB9F /* Pods-JLDishwasher.release.xcconfig */ = {isa = PBXFileReference; includeInIndex = 1; lastKnownFileType = text.xcconfig; name = "Pods-JLDishwasher.release.xcconfig"; path = "Pods/Target Support Files/Pods-JLDishwasher/Pods-JLDishwasher.release.xcconfig"; sourceTree = "<group>"; };
		29167BD81E0ABD40007F2231 /* JLDishwasher.app */ = {isa = PBXFileReference; explicitFileType = wrapper.application; includeInIndex = 0; path = JLDishwasher.app; sourceTree = BUILT_PRODUCTS_DIR; };
		29167BDB1E0ABD40007F2231 /* AppDelegate.swift */ = {isa = PBXFileReference; lastKnownFileType = sourcecode.swift; path = AppDelegate.swift; sourceTree = "<group>"; };
		29167BE01E0ABD40007F2231 /* Base */ = {isa = PBXFileReference; lastKnownFileType = file.storyboard; name = Base; path = Base.lproj/DisplayGrid.storyboard; sourceTree = "<group>"; };
		29167BE21E0ABD40007F2231 /* Assets.xcassets */ = {isa = PBXFileReference; lastKnownFileType = folder.assetcatalog; path = Assets.xcassets; sourceTree = "<group>"; };
		29167BE51E0ABD40007F2231 /* Base */ = {isa = PBXFileReference; lastKnownFileType = file.storyboard; name = Base; path = Base.lproj/LaunchScreen.storyboard; sourceTree = "<group>"; };
		29167BE71E0ABD40007F2231 /* Info.plist */ = {isa = PBXFileReference; lastKnownFileType = text.plist.xml; path = Info.plist; sourceTree = "<group>"; };
		29167BEC1E0ABD40007F2231 /* JLDishwasherTests.xctest */ = {isa = PBXFileReference; explicitFileType = wrapper.cfbundle; includeInIndex = 0; path = JLDishwasherTests.xctest; sourceTree = BUILT_PRODUCTS_DIR; };
		29167BF21E0ABD40007F2231 /* Info.plist */ = {isa = PBXFileReference; lastKnownFileType = text.plist.xml; path = Info.plist; sourceTree = "<group>"; };
		29167BF71E0ABD40007F2231 /* JLDishwasherUITests.xctest */ = {isa = PBXFileReference; explicitFileType = wrapper.cfbundle; includeInIndex = 0; path = JLDishwasherUITests.xctest; sourceTree = BUILT_PRODUCTS_DIR; };
		29167BFB1E0ABD40007F2231 /* JLDishwasherUITests.swift */ = {isa = PBXFileReference; lastKnownFileType = sourcecode.swift; path = JLDishwasherUITests.swift; sourceTree = "<group>"; };
		29167BFD1E0ABD40007F2231 /* Info.plist */ = {isa = PBXFileReference; lastKnownFileType = text.plist.xml; path = Info.plist; sourceTree = "<group>"; };
		29167C1D1E0AC22D007F2231 /* DisplayGridServicesProtocol.swift */ = {isa = PBXFileReference; fileEncoding = 4; lastKnownFileType = sourcecode.swift; path = DisplayGridServicesProtocol.swift; sourceTree = "<group>"; };
		29167C1F1E0AC242007F2231 /* DisplayGridDataManagerProtocol.swift */ = {isa = PBXFileReference; fileEncoding = 4; lastKnownFileType = sourcecode.swift; path = DisplayGridDataManagerProtocol.swift; sourceTree = "<group>"; };
		29167C221E0AC257007F2231 /* DisplayGridInteractorProtocol.swift */ = {isa = PBXFileReference; fileEncoding = 4; lastKnownFileType = sourcecode.swift; path = DisplayGridInteractorProtocol.swift; sourceTree = "<group>"; };
		29167C241E0AC26C007F2231 /* DisplayGridPresenterProtocol.swift */ = {isa = PBXFileReference; fileEncoding = 4; lastKnownFileType = sourcecode.swift; path = DisplayGridPresenterProtocol.swift; sourceTree = "<group>"; };
		29167C261E0AC27D007F2231 /* DisplayGridViewController.swift */ = {isa = PBXFileReference; fileEncoding = 4; lastKnownFileType = sourcecode.swift; path = DisplayGridViewController.swift; sourceTree = "<group>"; };
		29167C281E0AC289007F2231 /* DisplayGridPresenter.swift */ = {isa = PBXFileReference; fileEncoding = 4; lastKnownFileType = sourcecode.swift; path = DisplayGridPresenter.swift; sourceTree = "<group>"; };
		29167C2A1E0AC296007F2231 /* DisplayGridInteractor.swift */ = {isa = PBXFileReference; fileEncoding = 4; lastKnownFileType = sourcecode.swift; path = DisplayGridInteractor.swift; sourceTree = "<group>"; };
		29167C2C1E0AC2A6007F2231 /* DisplayGridDataManager.swift */ = {isa = PBXFileReference; fileEncoding = 4; lastKnownFileType = sourcecode.swift; path = DisplayGridDataManager.swift; sourceTree = "<group>"; };
		29167C2E1E0AC2B5007F2231 /* DisplayGridServices.swift */ = {isa = PBXFileReference; fileEncoding = 4; lastKnownFileType = sourcecode.swift; path = DisplayGridServices.swift; sourceTree = "<group>"; };
		29167C301E0AC2C7007F2231 /* DisplayDetailServicesProtocol.swift */ = {isa = PBXFileReference; fileEncoding = 4; lastKnownFileType = sourcecode.swift; path = DisplayDetailServicesProtocol.swift; sourceTree = "<group>"; };
		29167C321E0AC2D7007F2231 /* DisplayDetailDataManagerProtocol.swift */ = {isa = PBXFileReference; fileEncoding = 4; lastKnownFileType = sourcecode.swift; path = DisplayDetailDataManagerProtocol.swift; sourceTree = "<group>"; };
		29167C341E0AC2E8007F2231 /* DisplayDetailInteractorProtocol.swift */ = {isa = PBXFileReference; fileEncoding = 4; lastKnownFileType = sourcecode.swift; path = DisplayDetailInteractorProtocol.swift; sourceTree = "<group>"; };
		29167C361E0AC2F6007F2231 /* DisplayDetailPresenterProtocol.swift */ = {isa = PBXFileReference; fileEncoding = 4; lastKnownFileType = sourcecode.swift; path = DisplayDetailPresenterProtocol.swift; sourceTree = "<group>"; };
		29167C381E0AC30E007F2231 /* DisplayDetailViewController.swift */ = {isa = PBXFileReference; fileEncoding = 4; lastKnownFileType = sourcecode.swift; path = DisplayDetailViewController.swift; sourceTree = "<group>"; };
		29167C3A1E0AC382007F2231 /* DisplayDetailPresenter.swift */ = {isa = PBXFileReference; fileEncoding = 4; lastKnownFileType = sourcecode.swift; path = DisplayDetailPresenter.swift; sourceTree = "<group>"; };
		29167C3C1E0AC3A7007F2231 /* DisplayDetailInteractor.swift */ = {isa = PBXFileReference; fileEncoding = 4; lastKnownFileType = sourcecode.swift; path = DisplayDetailInteractor.swift; sourceTree = "<group>"; };
		29167C3E1E0AC3D6007F2231 /* DisplayDetailDataManager.swift */ = {isa = PBXFileReference; fileEncoding = 4; lastKnownFileType = sourcecode.swift; path = DisplayDetailDataManager.swift; sourceTree = "<group>"; };
		29167C401E0AC578007F2231 /* DisplayDetailServices.swift */ = {isa = PBXFileReference; fileEncoding = 4; lastKnownFileType = sourcecode.swift; path = DisplayDetailServices.swift; sourceTree = "<group>"; };
		29167C421E0AC8D5007F2231 /* DisplayDetail.storyboard */ = {isa = PBXFileReference; fileEncoding = 4; lastKnownFileType = file.storyboard; path = DisplayDetail.storyboard; sourceTree = "<group>"; };
		29167C451E0ACBC0007F2231 /* TestDisplayGridViewController.swift */ = {isa = PBXFileReference; fileEncoding = 4; lastKnownFileType = sourcecode.swift; path = TestDisplayGridViewController.swift; sourceTree = "<group>"; };
		29167C4B1E0ACC30007F2231 /* TestDisplayGridPresenter.swift */ = {isa = PBXFileReference; fileEncoding = 4; lastKnownFileType = sourcecode.swift; path = TestDisplayGridPresenter.swift; sourceTree = "<group>"; };
		29167C4D1E0ACC3E007F2231 /* TestDisplayGridInteractor.swift */ = {isa = PBXFileReference; fileEncoding = 4; lastKnownFileType = sourcecode.swift; path = TestDisplayGridInteractor.swift; sourceTree = "<group>"; };
		29167C4F1E0ACC4D007F2231 /* TestDisplayGridDataManager.swift */ = {isa = PBXFileReference; fileEncoding = 4; lastKnownFileType = sourcecode.swift; path = TestDisplayGridDataManager.swift; sourceTree = "<group>"; };
		29167C511E0ACC5A007F2231 /* TestDisplayGridServices.swift */ = {isa = PBXFileReference; fileEncoding = 4; lastKnownFileType = sourcecode.swift; path = TestDisplayGridServices.swift; sourceTree = "<group>"; };
		29167C531E0ACC79007F2231 /* TestDisplayDetailViewController.swift */ = {isa = PBXFileReference; fileEncoding = 4; lastKnownFileType = sourcecode.swift; path = TestDisplayDetailViewController.swift; sourceTree = "<group>"; };
		29167C551E0ACC94007F2231 /* TestDisplayDetailPresenter.swift */ = {isa = PBXFileReference; fileEncoding = 4; lastKnownFileType = sourcecode.swift; path = TestDisplayDetailPresenter.swift; sourceTree = "<group>"; };
		29167C571E0ACD30007F2231 /* TestDisplayDetailInteractor.swift */ = {isa = PBXFileReference; fileEncoding = 4; lastKnownFileType = sourcecode.swift; path = TestDisplayDetailInteractor.swift; sourceTree = "<group>"; };
		29167C591E0ACD47007F2231 /* TestDisplayDetailDataManager.swift */ = {isa = PBXFileReference; fileEncoding = 4; lastKnownFileType = sourcecode.swift; path = TestDisplayDetailDataManager.swift; sourceTree = "<group>"; };
		29167C5B1E0ACD5E007F2231 /* TestDisplayDetailServices.swift */ = {isa = PBXFileReference; fileEncoding = 4; lastKnownFileType = sourcecode.swift; path = TestDisplayDetailServices.swift; sourceTree = "<group>"; };
		5645079931B06CCA6E756112 /* Pods_JLDishwasher.framework */ = {isa = PBXFileReference; explicitFileType = wrapper.framework; includeInIndex = 0; path = Pods_JLDishwasher.framework; sourceTree = BUILT_PRODUCTS_DIR; };
		601DCC61CA0D4264E3C0B259 /* Pods_JLDishwasherUITests.framework */ = {isa = PBXFileReference; explicitFileType = wrapper.framework; includeInIndex = 0; path = Pods_JLDishwasherUITests.framework; sourceTree = BUILT_PRODUCTS_DIR; };
		63A3E4902553B1340E9FB7F2 /* Pods-JLDishwasherUITests.release.xcconfig */ = {isa = PBXFileReference; includeInIndex = 1; lastKnownFileType = text.xcconfig; name = "Pods-JLDishwasherUITests.release.xcconfig"; path = "Pods/Target Support Files/Pods-JLDishwasherUITests/Pods-JLDishwasherUITests.release.xcconfig"; sourceTree = "<group>"; };
		647979FDC1C31DC2A52E5463 /* Pods-JLDishwasherUITests.debug.xcconfig */ = {isa = PBXFileReference; includeInIndex = 1; lastKnownFileType = text.xcconfig; name = "Pods-JLDishwasherUITests.debug.xcconfig"; path = "Pods/Target Support Files/Pods-JLDishwasherUITests/Pods-JLDishwasherUITests.debug.xcconfig"; sourceTree = "<group>"; };
		9E4F8E38DC6F5BB24157A073 /* Pods-JLDishwasher.debug.xcconfig */ = {isa = PBXFileReference; includeInIndex = 1; lastKnownFileType = text.xcconfig; name = "Pods-JLDishwasher.debug.xcconfig"; path = "Pods/Target Support Files/Pods-JLDishwasher/Pods-JLDishwasher.debug.xcconfig"; sourceTree = "<group>"; };
		AB7379814887F4912F8328E0 /* Pods-JLDishwasherTests.release.xcconfig */ = {isa = PBXFileReference; includeInIndex = 1; lastKnownFileType = text.xcconfig; name = "Pods-JLDishwasherTests.release.xcconfig"; path = "Pods/Target Support Files/Pods-JLDishwasherTests/Pods-JLDishwasherTests.release.xcconfig"; sourceTree = "<group>"; };
		DCD7F0A0ADBD652CB4F416E9 /* Pods_JLDishwasherTests.framework */ = {isa = PBXFileReference; explicitFileType = wrapper.framework; includeInIndex = 0; path = Pods_JLDishwasherTests.framework; sourceTree = BUILT_PRODUCTS_DIR; };
		F8BBE5A79827E53C0F1D2913 /* Pods-JLDishwasherTests.debug.xcconfig */ = {isa = PBXFileReference; includeInIndex = 1; lastKnownFileType = text.xcconfig; name = "Pods-JLDishwasherTests.debug.xcconfig"; path = "Pods/Target Support Files/Pods-JLDishwasherTests/Pods-JLDishwasherTests.debug.xcconfig"; sourceTree = "<group>"; };
/* End PBXFileReference section */

/* Begin PBXFrameworksBuildPhase section */
		29167BD51E0ABD40007F2231 /* Frameworks */ = {
			isa = PBXFrameworksBuildPhase;
			buildActionMask = 2147483647;
			files = (
				4E42B8D2CFCCCA9616A73BFA /* Pods_JLDishwasher.framework in Frameworks */,
			);
			runOnlyForDeploymentPostprocessing = 0;
		};
		29167BE91E0ABD40007F2231 /* Frameworks */ = {
			isa = PBXFrameworksBuildPhase;
			buildActionMask = 2147483647;
			files = (
				D9F7631EC4D9C40848160658 /* Pods_JLDishwasherTests.framework in Frameworks */,
			);
			runOnlyForDeploymentPostprocessing = 0;
		};
		29167BF41E0ABD40007F2231 /* Frameworks */ = {
			isa = PBXFrameworksBuildPhase;
			buildActionMask = 2147483647;
			files = (
				0292A859CA4A06A1FE5BFCCB /* Pods_JLDishwasherUITests.framework in Frameworks */,
			);
			runOnlyForDeploymentPostprocessing = 0;
		};
/* End PBXFrameworksBuildPhase section */

/* Begin PBXGroup section */
		29167BCF1E0ABD40007F2231 = {
			isa = PBXGroup;
			children = (
				29167BDA1E0ABD40007F2231 /* JLDishwasher */,
				29167BEF1E0ABD40007F2231 /* JLDishwasherTests */,
				29167BFA1E0ABD40007F2231 /* JLDishwasherUITests */,
				29167BD91E0ABD40007F2231 /* Products */,
				D322F2960606AD288CF39486 /* Pods */,
				C414634A5560682D4920AA87 /* Frameworks */,
			);
			sourceTree = "<group>";
		};
		29167BD91E0ABD40007F2231 /* Products */ = {
			isa = PBXGroup;
			children = (
				29167BD81E0ABD40007F2231 /* JLDishwasher.app */,
				29167BEC1E0ABD40007F2231 /* JLDishwasherTests.xctest */,
				29167BF71E0ABD40007F2231 /* JLDishwasherUITests.xctest */,
			);
			name = Products;
			sourceTree = "<group>";
		};
		29167BDA1E0ABD40007F2231 /* JLDishwasher */ = {
			isa = PBXGroup;
			children = (
				29167C171E0ABF39007F2231 /* Foundation */,
				29167C091E0ABEC8007F2231 /* DisplayGrid */,
				29167C0A1E0ABED4007F2231 /* DisplayDetail */,
				29167BDB1E0ABD40007F2231 /* AppDelegate.swift */,
				29167BE21E0ABD40007F2231 /* Assets.xcassets */,
				29167BE71E0ABD40007F2231 /* Info.plist */,
			);
			path = JLDishwasher;
			sourceTree = "<group>";
		};
		29167BEF1E0ABD40007F2231 /* JLDishwasherTests */ = {
			isa = PBXGroup;
			children = (
				29167C471E0ACBE0007F2231 /* DisplayGrid */,
				29167C481E0ACBF1007F2231 /* DisplayDetail */,
				29167C1C1E0AC1F0007F2231 /* Supporting Files */,
			);
			path = JLDishwasherTests;
			sourceTree = "<group>";
		};
		29167BFA1E0ABD40007F2231 /* JLDishwasherUITests */ = {
			isa = PBXGroup;
			children = (
				29167BFB1E0ABD40007F2231 /* JLDishwasherUITests.swift */,
				29167BFD1E0ABD40007F2231 /* Info.plist */,
			);
			path = JLDishwasherUITests;
			sourceTree = "<group>";
		};
		29167C091E0ABEC8007F2231 /* DisplayGrid */ = {
			isa = PBXGroup;
			children = (
				29167C0B1E0ABEE6007F2231 /* Protocols */,
				29167C101E0ABF06007F2231 /* Views */,
				29167C0F1E0ABF01007F2231 /* Presenter */,
				29167C0E1E0ABEFC007F2231 /* Interactor */,
				29167C0D1E0ABEF6007F2231 /* DataManager */,
				29167C0C1E0ABEEF007F2231 /* Services */,
			);
			name = DisplayGrid;
			sourceTree = "<group>";
		};
		29167C0A1E0ABED4007F2231 /* DisplayDetail */ = {
			isa = PBXGroup;
			children = (
				29167C161E0ABF2C007F2231 /* Protocols */,
				29167C151E0ABF27007F2231 /* Views */,
				29167C141E0ABF22007F2231 /* Presenter */,
				29167C131E0ABF1D007F2231 /* Interactor */,
				29167C121E0ABF17007F2231 /* DataManager */,
				29167C111E0ABF13007F2231 /* Services */,
			);
			name = DisplayDetail;
			sourceTree = "<group>";
		};
		29167C0B1E0ABEE6007F2231 /* Protocols */ = {
			isa = PBXGroup;
			children = (
				29167C241E0AC26C007F2231 /* DisplayGridPresenterProtocol.swift */,
				29167C221E0AC257007F2231 /* DisplayGridInteractorProtocol.swift */,
				29167C1F1E0AC242007F2231 /* DisplayGridDataManagerProtocol.swift */,
				29167C1D1E0AC22D007F2231 /* DisplayGridServicesProtocol.swift */,
			);
			name = Protocols;
			sourceTree = "<group>";
		};
		29167C0C1E0ABEEF007F2231 /* Services */ = {
			isa = PBXGroup;
			children = (
				29167C2E1E0AC2B5007F2231 /* DisplayGridServices.swift */,
			);
			name = Services;
			sourceTree = "<group>";
		};
		29167C0D1E0ABEF6007F2231 /* DataManager */ = {
			isa = PBXGroup;
			children = (
				29167C2C1E0AC2A6007F2231 /* DisplayGridDataManager.swift */,
			);
			name = DataManager;
			sourceTree = "<group>";
		};
		29167C0E1E0ABEFC007F2231 /* Interactor */ = {
			isa = PBXGroup;
			children = (
				29167C2A1E0AC296007F2231 /* DisplayGridInteractor.swift */,
			);
			name = Interactor;
			sourceTree = "<group>";
		};
		29167C0F1E0ABF01007F2231 /* Presenter */ = {
			isa = PBXGroup;
			children = (
				29167C281E0AC289007F2231 /* DisplayGridPresenter.swift */,
			);
			name = Presenter;
			sourceTree = "<group>";
		};
		29167C101E0ABF06007F2231 /* Views */ = {
			isa = PBXGroup;
			children = (
				29167C261E0AC27D007F2231 /* DisplayGridViewController.swift */,
			);
			name = Views;
			sourceTree = "<group>";
		};
		29167C111E0ABF13007F2231 /* Services */ = {
			isa = PBXGroup;
			children = (
				29167C401E0AC578007F2231 /* DisplayDetailServices.swift */,
			);
			name = Services;
			sourceTree = "<group>";
		};
		29167C121E0ABF17007F2231 /* DataManager */ = {
			isa = PBXGroup;
			children = (
				29167C3E1E0AC3D6007F2231 /* DisplayDetailDataManager.swift */,
			);
			name = DataManager;
			sourceTree = "<group>";
		};
		29167C131E0ABF1D007F2231 /* Interactor */ = {
			isa = PBXGroup;
			children = (
				29167C3C1E0AC3A7007F2231 /* DisplayDetailInteractor.swift */,
			);
			name = Interactor;
			sourceTree = "<group>";
		};
		29167C141E0ABF22007F2231 /* Presenter */ = {
			isa = PBXGroup;
			children = (
				29167C3A1E0AC382007F2231 /* DisplayDetailPresenter.swift */,
			);
			name = Presenter;
			sourceTree = "<group>";
		};
		29167C151E0ABF27007F2231 /* Views */ = {
			isa = PBXGroup;
			children = (
				29167C381E0AC30E007F2231 /* DisplayDetailViewController.swift */,
			);
			name = Views;
			sourceTree = "<group>";
		};
		29167C161E0ABF2C007F2231 /* Protocols */ = {
			isa = PBXGroup;
			children = (
				29167C361E0AC2F6007F2231 /* DisplayDetailPresenterProtocol.swift */,
				29167C341E0AC2E8007F2231 /* DisplayDetailInteractorProtocol.swift */,
				29167C321E0AC2D7007F2231 /* DisplayDetailDataManagerProtocol.swift */,
				29167C301E0AC2C7007F2231 /* DisplayDetailServicesProtocol.swift */,
			);
			name = Protocols;
			sourceTree = "<group>";
		};
		29167C171E0ABF39007F2231 /* Foundation */ = {
			isa = PBXGroup;
			children = (
				29167C441E0ACB86007F2231 /* Model */,
				29167C191E0AC156007F2231 /* Wireframe */,
				29167C181E0ABF46007F2231 /* StoryBoards */,
			);
			name = Foundation;
			sourceTree = "<group>";
		};
		29167C181E0ABF46007F2231 /* StoryBoards */ = {
			isa = PBXGroup;
			children = (
				29167BE41E0ABD40007F2231 /* LaunchScreen.storyboard */,
				29167BDF1E0ABD40007F2231 /* DisplayGrid.storyboard */,
				29167C421E0AC8D5007F2231 /* DisplayDetail.storyboard */,
			);
			name = StoryBoards;
			sourceTree = "<group>";
		};
		29167C191E0AC156007F2231 /* Wireframe */ = {
			isa = PBXGroup;
			children = (
			);
			name = Wireframe;
			sourceTree = "<group>";
		};
		29167C1A1E0AC1E7007F2231 /* Cases */ = {
			isa = PBXGroup;
			children = (
				29167C451E0ACBC0007F2231 /* TestDisplayGridViewController.swift */,
				29167C4B1E0ACC30007F2231 /* TestDisplayGridPresenter.swift */,
				29167C4D1E0ACC3E007F2231 /* TestDisplayGridInteractor.swift */,
				29167C4F1E0ACC4D007F2231 /* TestDisplayGridDataManager.swift */,
				29167C511E0ACC5A007F2231 /* TestDisplayGridServices.swift */,
			);
			name = Cases;
			sourceTree = "<group>";
		};
		29167C1B1E0AC1EC007F2231 /* Data */ = {
			isa = PBXGroup;
			children = (
			);
			name = Data;
			sourceTree = "<group>";
		};
		29167C1C1E0AC1F0007F2231 /* Supporting Files */ = {
			isa = PBXGroup;
			children = (
				29167BF21E0ABD40007F2231 /* Info.plist */,
			);
			name = "Supporting Files";
			sourceTree = "<group>";
		};
		29167C441E0ACB86007F2231 /* Model */ = {
			isa = PBXGroup;
			children = (
			);
			name = Model;
			sourceTree = "<group>";
		};
		29167C471E0ACBE0007F2231 /* DisplayGrid */ = {
			isa = PBXGroup;
			children = (
				29167C1A1E0AC1E7007F2231 /* Cases */,
				29167C1B1E0AC1EC007F2231 /* Data */,
			);
			name = DisplayGrid;
			sourceTree = "<group>";
		};
		29167C481E0ACBF1007F2231 /* DisplayDetail */ = {
			isa = PBXGroup;
			children = (
				29167C491E0ACBFC007F2231 /* Cases */,
				29167C4A1E0ACC01007F2231 /* Data */,
			);
			name = DisplayDetail;
			sourceTree = "<group>";
		};
		29167C491E0ACBFC007F2231 /* Cases */ = {
			isa = PBXGroup;
			children = (
				29167C531E0ACC79007F2231 /* TestDisplayDetailViewController.swift */,
				29167C551E0ACC94007F2231 /* TestDisplayDetailPresenter.swift */,
				29167C571E0ACD30007F2231 /* TestDisplayDetailInteractor.swift */,
				29167C591E0ACD47007F2231 /* TestDisplayDetailDataManager.swift */,
				29167C5B1E0ACD5E007F2231 /* TestDisplayDetailServices.swift */,
			);
			name = Cases;
			sourceTree = "<group>";
		};
		29167C4A1E0ACC01007F2231 /* Data */ = {
			isa = PBXGroup;
			children = (
			);
			name = Data;
			sourceTree = "<group>";
		};
		C414634A5560682D4920AA87 /* Frameworks */ = {
			isa = PBXGroup;
			children = (
				5645079931B06CCA6E756112 /* Pods_JLDishwasher.framework */,
				DCD7F0A0ADBD652CB4F416E9 /* Pods_JLDishwasherTests.framework */,
				601DCC61CA0D4264E3C0B259 /* Pods_JLDishwasherUITests.framework */,
			);
			name = Frameworks;
			sourceTree = "<group>";
		};
		D322F2960606AD288CF39486 /* Pods */ = {
			isa = PBXGroup;
			children = (
				9E4F8E38DC6F5BB24157A073 /* Pods-JLDishwasher.debug.xcconfig */,
				10346C1AC4A092D427F7DB9F /* Pods-JLDishwasher.release.xcconfig */,
				F8BBE5A79827E53C0F1D2913 /* Pods-JLDishwasherTests.debug.xcconfig */,
				AB7379814887F4912F8328E0 /* Pods-JLDishwasherTests.release.xcconfig */,
				647979FDC1C31DC2A52E5463 /* Pods-JLDishwasherUITests.debug.xcconfig */,
				63A3E4902553B1340E9FB7F2 /* Pods-JLDishwasherUITests.release.xcconfig */,
			);
			name = Pods;
			sourceTree = "<group>";
		};
/* End PBXGroup section */

/* Begin PBXNativeTarget section */
		29167BD71E0ABD40007F2231 /* JLDishwasher */ = {
			isa = PBXNativeTarget;
			buildConfigurationList = 29167C001E0ABD40007F2231 /* Build configuration list for PBXNativeTarget "JLDishwasher" */;
			buildPhases = (
				B97805917DDC7DC36B2A2D0C /* [CP] Check Pods Manifest.lock */,
				29167BD41E0ABD40007F2231 /* Sources */,
				29167BD51E0ABD40007F2231 /* Frameworks */,
				29167BD61E0ABD40007F2231 /* Resources */,
				6A5B37FC8F3124753A1AFCEE /* [CP] Embed Pods Frameworks */,
				1BEE597857A3DE159711E1C2 /* [CP] Copy Pods Resources */,
			);
			buildRules = (
			);
			dependencies = (
			);
			name = JLDishwasher;
			productName = JLDishwasher;
			productReference = 29167BD81E0ABD40007F2231 /* JLDishwasher.app */;
			productType = "com.apple.product-type.application";
		};
		29167BEB1E0ABD40007F2231 /* JLDishwasherTests */ = {
			isa = PBXNativeTarget;
			buildConfigurationList = 29167C031E0ABD40007F2231 /* Build configuration list for PBXNativeTarget "JLDishwasherTests" */;
			buildPhases = (
				B95E714A3697A763BBE6608A /* [CP] Check Pods Manifest.lock */,
				29167BE81E0ABD40007F2231 /* Sources */,
				29167BE91E0ABD40007F2231 /* Frameworks */,
				29167BEA1E0ABD40007F2231 /* Resources */,
				F0253BCD0DC06BB0BF924ADF /* [CP] Embed Pods Frameworks */,
				7FE6278208B3AFC6C7419977 /* [CP] Copy Pods Resources */,
			);
			buildRules = (
			);
			dependencies = (
				29167BEE1E0ABD40007F2231 /* PBXTargetDependency */,
			);
			name = JLDishwasherTests;
			productName = JLDishwasherTests;
			productReference = 29167BEC1E0ABD40007F2231 /* JLDishwasherTests.xctest */;
			productType = "com.apple.product-type.bundle.unit-test";
		};
		29167BF61E0ABD40007F2231 /* JLDishwasherUITests */ = {
			isa = PBXNativeTarget;
			buildConfigurationList = 29167C061E0ABD40007F2231 /* Build configuration list for PBXNativeTarget "JLDishwasherUITests" */;
			buildPhases = (
				2199E9615777DCE0BB259836 /* [CP] Check Pods Manifest.lock */,
				29167BF31E0ABD40007F2231 /* Sources */,
				29167BF41E0ABD40007F2231 /* Frameworks */,
				29167BF51E0ABD40007F2231 /* Resources */,
				D5DC78A82A9480F08C4ABA17 /* [CP] Embed Pods Frameworks */,
				0B25495B7CF3F1EE1CC2DEB5 /* [CP] Copy Pods Resources */,
			);
			buildRules = (
			);
			dependencies = (
				29167BF91E0ABD40007F2231 /* PBXTargetDependency */,
			);
			name = JLDishwasherUITests;
			productName = JLDishwasherUITests;
			productReference = 29167BF71E0ABD40007F2231 /* JLDishwasherUITests.xctest */;
			productType = "com.apple.product-type.bundle.ui-testing";
		};
/* End PBXNativeTarget section */

/* Begin PBXProject section */
		29167BD01E0ABD40007F2231 /* Project object */ = {
			isa = PBXProject;
			attributes = {
				LastSwiftUpdateCheck = 0820;
				LastUpgradeCheck = 0820;
				ORGANIZATIONNAME = "Iain McLean";
				TargetAttributes = {
					29167BD71E0ABD40007F2231 = {
						CreatedOnToolsVersion = 8.2;
						DevelopmentTeam = VR63VSE8R3;
						ProvisioningStyle = Automatic;
					};
					29167BEB1E0ABD40007F2231 = {
						CreatedOnToolsVersion = 8.2;
						DevelopmentTeam = VR63VSE8R3;
						LastSwiftMigration = 0820;
						ProvisioningStyle = Automatic;
						TestTargetID = 29167BD71E0ABD40007F2231;
					};
					29167BF61E0ABD40007F2231 = {
						CreatedOnToolsVersion = 8.2;
						DevelopmentTeam = VR63VSE8R3;
						ProvisioningStyle = Automatic;
						TestTargetID = 29167BD71E0ABD40007F2231;
					};
				};
			};
			buildConfigurationList = 29167BD31E0ABD40007F2231 /* Build configuration list for PBXProject "JLDishwasher" */;
			compatibilityVersion = "Xcode 3.2";
			developmentRegion = English;
			hasScannedForEncodings = 0;
			knownRegions = (
				en,
				Base,
			);
			mainGroup = 29167BCF1E0ABD40007F2231;
			productRefGroup = 29167BD91E0ABD40007F2231 /* Products */;
			projectDirPath = "";
			projectRoot = "";
			targets = (
				29167BD71E0ABD40007F2231 /* JLDishwasher */,
				29167BEB1E0ABD40007F2231 /* JLDishwasherTests */,
				29167BF61E0ABD40007F2231 /* JLDishwasherUITests */,
			);
		};
/* End PBXProject section */

/* Begin PBXResourcesBuildPhase section */
		29167BD61E0ABD40007F2231 /* Resources */ = {
			isa = PBXResourcesBuildPhase;
			buildActionMask = 2147483647;
			files = (
				29167C431E0AC8D5007F2231 /* DisplayDetail.storyboard in Resources */,
				29167BE61E0ABD40007F2231 /* LaunchScreen.storyboard in Resources */,
				29167BE31E0ABD40007F2231 /* Assets.xcassets in Resources */,
				29167BE11E0ABD40007F2231 /* DisplayGrid.storyboard in Resources */,
			);
			runOnlyForDeploymentPostprocessing = 0;
		};
		29167BEA1E0ABD40007F2231 /* Resources */ = {
			isa = PBXResourcesBuildPhase;
			buildActionMask = 2147483647;
			files = (
			);
			runOnlyForDeploymentPostprocessing = 0;
		};
		29167BF51E0ABD40007F2231 /* Resources */ = {
			isa = PBXResourcesBuildPhase;
			buildActionMask = 2147483647;
			files = (
			);
			runOnlyForDeploymentPostprocessing = 0;
		};
/* End PBXResourcesBuildPhase section */

/* Begin PBXShellScriptBuildPhase section */
		0B25495B7CF3F1EE1CC2DEB5 /* [CP] Copy Pods Resources */ = {
			isa = PBXShellScriptBuildPhase;
			buildActionMask = 2147483647;
			files = (
			);
			inputPaths = (
			);
			name = "[CP] Copy Pods Resources";
			outputPaths = (
			);
			runOnlyForDeploymentPostprocessing = 0;
			shellPath = /bin/sh;
			shellScript = "\"${SRCROOT}/Pods/Target Support Files/Pods-JLDishwasherUITests/Pods-JLDishwasherUITests-resources.sh\"\n";
			showEnvVarsInLog = 0;
		};
		1BEE597857A3DE159711E1C2 /* [CP] Copy Pods Resources */ = {
			isa = PBXShellScriptBuildPhase;
			buildActionMask = 2147483647;
			files = (
			);
			inputPaths = (
			);
			name = "[CP] Copy Pods Resources";
			outputPaths = (
			);
			runOnlyForDeploymentPostprocessing = 0;
			shellPath = /bin/sh;
			shellScript = "\"${SRCROOT}/Pods/Target Support Files/Pods-JLDishwasher/Pods-JLDishwasher-resources.sh\"\n";
			showEnvVarsInLog = 0;
		};
		2199E9615777DCE0BB259836 /* [CP] Check Pods Manifest.lock */ = {
			isa = PBXShellScriptBuildPhase;
			buildActionMask = 2147483647;
			files = (
			);
			inputPaths = (
			);
			name = "[CP] Check Pods Manifest.lock";
			outputPaths = (
			);
			runOnlyForDeploymentPostprocessing = 0;
			shellPath = /bin/sh;
			shellScript = "diff \"${PODS_ROOT}/../Podfile.lock\" \"${PODS_ROOT}/Manifest.lock\" > /dev/null\nif [ $? != 0 ] ; then\n    # print error to STDERR\n    echo \"error: The sandbox is not in sync with the Podfile.lock. Run 'pod install' or update your CocoaPods installation.\" >&2\n    exit 1\nfi\n";
			showEnvVarsInLog = 0;
		};
		6A5B37FC8F3124753A1AFCEE /* [CP] Embed Pods Frameworks */ = {
			isa = PBXShellScriptBuildPhase;
			buildActionMask = 2147483647;
			files = (
			);
			inputPaths = (
			);
			name = "[CP] Embed Pods Frameworks";
			outputPaths = (
			);
			runOnlyForDeploymentPostprocessing = 0;
			shellPath = /bin/sh;
			shellScript = "\"${SRCROOT}/Pods/Target Support Files/Pods-JLDishwasher/Pods-JLDishwasher-frameworks.sh\"\n";
			showEnvVarsInLog = 0;
		};
		7FE6278208B3AFC6C7419977 /* [CP] Copy Pods Resources */ = {
			isa = PBXShellScriptBuildPhase;
			buildActionMask = 2147483647;
			files = (
			);
			inputPaths = (
			);
			name = "[CP] Copy Pods Resources";
			outputPaths = (
			);
			runOnlyForDeploymentPostprocessing = 0;
			shellPath = /bin/sh;
			shellScript = "\"${SRCROOT}/Pods/Target Support Files/Pods-JLDishwasherTests/Pods-JLDishwasherTests-resources.sh\"\n";
			showEnvVarsInLog = 0;
		};
		B95E714A3697A763BBE6608A /* [CP] Check Pods Manifest.lock */ = {
			isa = PBXShellScriptBuildPhase;
			buildActionMask = 2147483647;
			files = (
			);
			inputPaths = (
			);
			name = "[CP] Check Pods Manifest.lock";
			outputPaths = (
			);
			runOnlyForDeploymentPostprocessing = 0;
			shellPath = /bin/sh;
			shellScript = "diff \"${PODS_ROOT}/../Podfile.lock\" \"${PODS_ROOT}/Manifest.lock\" > /dev/null\nif [ $? != 0 ] ; then\n    # print error to STDERR\n    echo \"error: The sandbox is not in sync with the Podfile.lock. Run 'pod install' or update your CocoaPods installation.\" >&2\n    exit 1\nfi\n";
			showEnvVarsInLog = 0;
		};
		B97805917DDC7DC36B2A2D0C /* [CP] Check Pods Manifest.lock */ = {
			isa = PBXShellScriptBuildPhase;
			buildActionMask = 2147483647;
			files = (
			);
			inputPaths = (
			);
			name = "[CP] Check Pods Manifest.lock";
			outputPaths = (
			);
			runOnlyForDeploymentPostprocessing = 0;
			shellPath = /bin/sh;
			shellScript = "diff \"${PODS_ROOT}/../Podfile.lock\" \"${PODS_ROOT}/Manifest.lock\" > /dev/null\nif [ $? != 0 ] ; then\n    # print error to STDERR\n    echo \"error: The sandbox is not in sync with the Podfile.lock. Run 'pod install' or update your CocoaPods installation.\" >&2\n    exit 1\nfi\n";
			showEnvVarsInLog = 0;
		};
		D5DC78A82A9480F08C4ABA17 /* [CP] Embed Pods Frameworks */ = {
			isa = PBXShellScriptBuildPhase;
			buildActionMask = 2147483647;
			files = (
			);
			inputPaths = (
			);
			name = "[CP] Embed Pods Frameworks";
			outputPaths = (
			);
			runOnlyForDeploymentPostprocessing = 0;
			shellPath = /bin/sh;
			shellScript = "\"${SRCROOT}/Pods/Target Support Files/Pods-JLDishwasherUITests/Pods-JLDishwasherUITests-frameworks.sh\"\n";
			showEnvVarsInLog = 0;
		};
		F0253BCD0DC06BB0BF924ADF /* [CP] Embed Pods Frameworks */ = {
			isa = PBXShellScriptBuildPhase;
			buildActionMask = 2147483647;
			files = (
			);
			inputPaths = (
			);
			name = "[CP] Embed Pods Frameworks";
			outputPaths = (
			);
			runOnlyForDeploymentPostprocessing = 0;
			shellPath = /bin/sh;
			shellScript = "\"${SRCROOT}/Pods/Target Support Files/Pods-JLDishwasherTests/Pods-JLDishwasherTests-frameworks.sh\"\n";
			showEnvVarsInLog = 0;
		};
/* End PBXShellScriptBuildPhase section */

/* Begin PBXSourcesBuildPhase section */
		29167BD41E0ABD40007F2231 /* Sources */ = {
			isa = PBXSourcesBuildPhase;
			buildActionMask = 2147483647;
			files = (
				29167C331E0AC2D7007F2231 /* DisplayDetailDataManagerProtocol.swift in Sources */,
				29167C2D1E0AC2A6007F2231 /* DisplayGridDataManager.swift in Sources */,
				29167C3F1E0AC3D6007F2231 /* DisplayDetailDataManager.swift in Sources */,
				29167C411E0AC578007F2231 /* DisplayDetailServices.swift in Sources */,
				29167C3D1E0AC3A7007F2231 /* DisplayDetailInteractor.swift in Sources */,
				29167C311E0AC2C7007F2231 /* DisplayDetailServicesProtocol.swift in Sources */,
				29167C291E0AC289007F2231 /* DisplayGridPresenter.swift in Sources */,
				29167BDC1E0ABD40007F2231 /* AppDelegate.swift in Sources */,
				29167C351E0AC2E8007F2231 /* DisplayDetailInteractorProtocol.swift in Sources */,
				29167C201E0AC242007F2231 /* DisplayGridDataManagerProtocol.swift in Sources */,
				29167C3B1E0AC382007F2231 /* DisplayDetailPresenter.swift in Sources */,
				29167C251E0AC26C007F2231 /* DisplayGridPresenterProtocol.swift in Sources */,
				29167C2B1E0AC296007F2231 /* DisplayGridInteractor.swift in Sources */,
				29167C371E0AC2F6007F2231 /* DisplayDetailPresenterProtocol.swift in Sources */,
				29167C231E0AC257007F2231 /* DisplayGridInteractorProtocol.swift in Sources */,
				29167C391E0AC30E007F2231 /* DisplayDetailViewController.swift in Sources */,
				29167C1E1E0AC22D007F2231 /* DisplayGridServicesProtocol.swift in Sources */,
				29167C2F1E0AC2B5007F2231 /* DisplayGridServices.swift in Sources */,
				29167C271E0AC27D007F2231 /* DisplayGridViewController.swift in Sources */,
			);
			runOnlyForDeploymentPostprocessing = 0;
		};
		29167BE81E0ABD40007F2231 /* Sources */ = {
			isa = PBXSourcesBuildPhase;
			buildActionMask = 2147483647;
			files = (
				29167C581E0ACD30007F2231 /* TestDisplayDetailInteractor.swift in Sources */,
				29167C4C1E0ACC30007F2231 /* TestDisplayGridPresenter.swift in Sources */,
				29167C541E0ACC79007F2231 /* TestDisplayDetailViewController.swift in Sources */,
				29167C561E0ACC94007F2231 /* TestDisplayDetailPresenter.swift in Sources */,
				29167C501E0ACC4D007F2231 /* TestDisplayGridDataManager.swift in Sources */,
				29167C521E0ACC5A007F2231 /* TestDisplayGridServices.swift in Sources */,
				29167C4E1E0ACC3E007F2231 /* TestDisplayGridInteractor.swift in Sources */,
				29167C5C1E0ACD5E007F2231 /* TestDisplayDetailServices.swift in Sources */,
				29167C461E0ACBC0007F2231 /* TestDisplayGridViewController.swift in Sources */,
				29167C5A1E0ACD47007F2231 /* TestDisplayDetailDataManager.swift in Sources */,
			);
			runOnlyForDeploymentPostprocessing = 0;
		};
		29167BF31E0ABD40007F2231 /* Sources */ = {
			isa = PBXSourcesBuildPhase;
			buildActionMask = 2147483647;
			files = (
				29167BFC1E0ABD40007F2231 /* JLDishwasherUITests.swift in Sources */,
			);
			runOnlyForDeploymentPostprocessing = 0;
		};
/* End PBXSourcesBuildPhase section */

/* Begin PBXTargetDependency section */
		29167BEE1E0ABD40007F2231 /* PBXTargetDependency */ = {
			isa = PBXTargetDependency;
			target = 29167BD71E0ABD40007F2231 /* JLDishwasher */;
			targetProxy = 29167BED1E0ABD40007F2231 /* PBXContainerItemProxy */;
		};
		29167BF91E0ABD40007F2231 /* PBXTargetDependency */ = {
			isa = PBXTargetDependency;
			target = 29167BD71E0ABD40007F2231 /* JLDishwasher */;
			targetProxy = 29167BF81E0ABD40007F2231 /* PBXContainerItemProxy */;
		};
/* End PBXTargetDependency section */

/* Begin PBXVariantGroup section */
		29167BDF1E0ABD40007F2231 /* DisplayGrid.storyboard */ = {
			isa = PBXVariantGroup;
			children = (
				29167BE01E0ABD40007F2231 /* Base */,
			);
			name = DisplayGrid.storyboard;
			sourceTree = "<group>";
		};
		29167BE41E0ABD40007F2231 /* LaunchScreen.storyboard */ = {
			isa = PBXVariantGroup;
			children = (
				29167BE51E0ABD40007F2231 /* Base */,
			);
			name = LaunchScreen.storyboard;
			sourceTree = "<group>";
		};
/* End PBXVariantGroup section */

/* Begin XCBuildConfiguration section */
		29167BFE1E0ABD40007F2231 /* Debug */ = {
			isa = XCBuildConfiguration;
			buildSettings = {
				ALWAYS_SEARCH_USER_PATHS = NO;
				CLANG_ANALYZER_NONNULL = YES;
				CLANG_CXX_LANGUAGE_STANDARD = "gnu++0x";
				CLANG_CXX_LIBRARY = "libc++";
				CLANG_ENABLE_MODULES = YES;
				CLANG_ENABLE_OBJC_ARC = YES;
				CLANG_WARN_BOOL_CONVERSION = YES;
				CLANG_WARN_CONSTANT_CONVERSION = YES;
				CLANG_WARN_DIRECT_OBJC_ISA_USAGE = YES_ERROR;
				CLANG_WARN_DOCUMENTATION_COMMENTS = YES;
				CLANG_WARN_EMPTY_BODY = YES;
				CLANG_WARN_ENUM_CONVERSION = YES;
				CLANG_WARN_INFINITE_RECURSION = YES;
				CLANG_WARN_INT_CONVERSION = YES;
				CLANG_WARN_OBJC_ROOT_CLASS = YES_ERROR;
				CLANG_WARN_SUSPICIOUS_MOVE = YES;
				CLANG_WARN_UNREACHABLE_CODE = YES;
				CLANG_WARN__DUPLICATE_METHOD_MATCH = YES;
				"CODE_SIGN_IDENTITY[sdk=iphoneos*]" = "iPhone Developer";
				COPY_PHASE_STRIP = NO;
				DEBUG_INFORMATION_FORMAT = dwarf;
				ENABLE_STRICT_OBJC_MSGSEND = YES;
				ENABLE_TESTABILITY = YES;
				GCC_C_LANGUAGE_STANDARD = gnu99;
				GCC_DYNAMIC_NO_PIC = NO;
				GCC_NO_COMMON_BLOCKS = YES;
				GCC_OPTIMIZATION_LEVEL = 0;
				GCC_PREPROCESSOR_DEFINITIONS = (
					"DEBUG=1",
					"$(inherited)",
				);
				GCC_WARN_64_TO_32_BIT_CONVERSION = YES;
				GCC_WARN_ABOUT_RETURN_TYPE = YES_ERROR;
				GCC_WARN_UNDECLARED_SELECTOR = YES;
				GCC_WARN_UNINITIALIZED_AUTOS = YES_AGGRESSIVE;
				GCC_WARN_UNUSED_FUNCTION = YES;
				GCC_WARN_UNUSED_VARIABLE = YES;
				IPHONEOS_DEPLOYMENT_TARGET = 10.2;
				MTL_ENABLE_DEBUG_INFO = YES;
				ONLY_ACTIVE_ARCH = YES;
				SDKROOT = iphoneos;
				SWIFT_ACTIVE_COMPILATION_CONDITIONS = DEBUG;
				SWIFT_OPTIMIZATION_LEVEL = "-Onone";
				TARGETED_DEVICE_FAMILY = 2;
			};
			name = Debug;
		};
		29167BFF1E0ABD40007F2231 /* Release */ = {
			isa = XCBuildConfiguration;
			buildSettings = {
				ALWAYS_SEARCH_USER_PATHS = NO;
				CLANG_ANALYZER_NONNULL = YES;
				CLANG_CXX_LANGUAGE_STANDARD = "gnu++0x";
				CLANG_CXX_LIBRARY = "libc++";
				CLANG_ENABLE_MODULES = YES;
				CLANG_ENABLE_OBJC_ARC = YES;
				CLANG_WARN_BOOL_CONVERSION = YES;
				CLANG_WARN_CONSTANT_CONVERSION = YES;
				CLANG_WARN_DIRECT_OBJC_ISA_USAGE = YES_ERROR;
				CLANG_WARN_DOCUMENTATION_COMMENTS = YES;
				CLANG_WARN_EMPTY_BODY = YES;
				CLANG_WARN_ENUM_CONVERSION = YES;
				CLANG_WARN_INFINITE_RECURSION = YES;
				CLANG_WARN_INT_CONVERSION = YES;
				CLANG_WARN_OBJC_ROOT_CLASS = YES_ERROR;
				CLANG_WARN_SUSPICIOUS_MOVE = YES;
				CLANG_WARN_UNREACHABLE_CODE = YES;
				CLANG_WARN__DUPLICATE_METHOD_MATCH = YES;
				"CODE_SIGN_IDENTITY[sdk=iphoneos*]" = "iPhone Developer";
				COPY_PHASE_STRIP = NO;
				DEBUG_INFORMATION_FORMAT = "dwarf-with-dsym";
				ENABLE_NS_ASSERTIONS = NO;
				ENABLE_STRICT_OBJC_MSGSEND = YES;
				GCC_C_LANGUAGE_STANDARD = gnu99;
				GCC_NO_COMMON_BLOCKS = YES;
				GCC_WARN_64_TO_32_BIT_CONVERSION = YES;
				GCC_WARN_ABOUT_RETURN_TYPE = YES_ERROR;
				GCC_WARN_UNDECLARED_SELECTOR = YES;
				GCC_WARN_UNINITIALIZED_AUTOS = YES_AGGRESSIVE;
				GCC_WARN_UNUSED_FUNCTION = YES;
				GCC_WARN_UNUSED_VARIABLE = YES;
				IPHONEOS_DEPLOYMENT_TARGET = 10.2;
				MTL_ENABLE_DEBUG_INFO = NO;
				SDKROOT = iphoneos;
				SWIFT_OPTIMIZATION_LEVEL = "-Owholemodule";
				TARGETED_DEVICE_FAMILY = 2;
				VALIDATE_PRODUCT = YES;
			};
			name = Release;
		};
		29167C011E0ABD40007F2231 /* Debug */ = {
			isa = XCBuildConfiguration;
			baseConfigurationReference = 9E4F8E38DC6F5BB24157A073 /* Pods-JLDishwasher.debug.xcconfig */;
			buildSettings = {
				ASSETCATALOG_COMPILER_APPICON_NAME = AppIcon;
				DEVELOPMENT_TEAM = VR63VSE8R3;
				INFOPLIST_FILE = JLDishwasher/Info.plist;
				LD_RUNPATH_SEARCH_PATHS = "$(inherited) @executable_path/Frameworks";
				PRODUCT_BUNDLE_IDENTIFIER = com.brightskyapps.JLDishwasher;
				PRODUCT_NAME = "$(TARGET_NAME)";
				SWIFT_VERSION = 3.0;
			};
			name = Debug;
		};
		29167C021E0ABD40007F2231 /* Release */ = {
			isa = XCBuildConfiguration;
			baseConfigurationReference = 10346C1AC4A092D427F7DB9F /* Pods-JLDishwasher.release.xcconfig */;
			buildSettings = {
				ASSETCATALOG_COMPILER_APPICON_NAME = AppIcon;
				DEVELOPMENT_TEAM = VR63VSE8R3;
				INFOPLIST_FILE = JLDishwasher/Info.plist;
				LD_RUNPATH_SEARCH_PATHS = "$(inherited) @executable_path/Frameworks";
				PRODUCT_BUNDLE_IDENTIFIER = com.brightskyapps.JLDishwasher;
				PRODUCT_NAME = "$(TARGET_NAME)";
				SWIFT_VERSION = 3.0;
			};
			name = Release;
		};
		29167C041E0ABD40007F2231 /* Debug */ = {
			isa = XCBuildConfiguration;
			baseConfigurationReference = F8BBE5A79827E53C0F1D2913 /* Pods-JLDishwasherTests.debug.xcconfig */;
			buildSettings = {
				ALWAYS_EMBED_SWIFT_STANDARD_LIBRARIES = YES;
				BUNDLE_LOADER = "$(TEST_HOST)";
				CLANG_ENABLE_MODULES = YES;
				DEVELOPMENT_TEAM = VR63VSE8R3;
				INFOPLIST_FILE = JLDishwasherTests/Info.plist;
				LD_RUNPATH_SEARCH_PATHS = "$(inherited) @executable_path/Frameworks @loader_path/Frameworks";
				PRODUCT_BUNDLE_IDENTIFIER = com.brightskyapps.JLDishwasherTests;
				PRODUCT_NAME = "$(TARGET_NAME)";
				SWIFT_OPTIMIZATION_LEVEL = "-Onone";
				SWIFT_VERSION = 3.0;
				TEST_HOST = "$(BUILT_PRODUCTS_DIR)/JLDishwasher.app/JLDishwasher";
			};
			name = Debug;
		};
		29167C051E0ABD40007F2231 /* Release */ = {
			isa = XCBuildConfiguration;
			baseConfigurationReference = AB7379814887F4912F8328E0 /* Pods-JLDishwasherTests.release.xcconfig */;
			buildSettings = {
				ALWAYS_EMBED_SWIFT_STANDARD_LIBRARIES = YES;
				BUNDLE_LOADER = "$(TEST_HOST)";
				CLANG_ENABLE_MODULES = YES;
				DEVELOPMENT_TEAM = VR63VSE8R3;
				INFOPLIST_FILE = JLDishwasherTests/Info.plist;
				LD_RUNPATH_SEARCH_PATHS = "$(inherited) @executable_path/Frameworks @loader_path/Frameworks";
				PRODUCT_BUNDLE_IDENTIFIER = com.brightskyapps.JLDishwasherTests;
				PRODUCT_NAME = "$(TARGET_NAME)";
				SWIFT_VERSION = 3.0;
				TEST_HOST = "$(BUILT_PRODUCTS_DIR)/JLDishwasher.app/JLDishwasher";
			};
			name = Release;
		};
		29167C071E0ABD40007F2231 /* Debug */ = {
			isa = XCBuildConfiguration;
			baseConfigurationReference = 647979FDC1C31DC2A52E5463 /* Pods-JLDishwasherUITests.debug.xcconfig */;
			buildSettings = {
				ALWAYS_EMBED_SWIFT_STANDARD_LIBRARIES = YES;
				DEVELOPMENT_TEAM = VR63VSE8R3;
				INFOPLIST_FILE = JLDishwasherUITests/Info.plist;
				LD_RUNPATH_SEARCH_PATHS = "$(inherited) @executable_path/Frameworks @loader_path/Frameworks";
				PRODUCT_BUNDLE_IDENTIFIER = com.brightskyapps.JLDishwasherUITests;
				PRODUCT_NAME = "$(TARGET_NAME)";
				SWIFT_VERSION = 3.0;
				TEST_TARGET_NAME = JLDishwasher;
			};
			name = Debug;
		};
		29167C081E0ABD40007F2231 /* Release */ = {
			isa = XCBuildConfiguration;
			baseConfigurationReference = 63A3E4902553B1340E9FB7F2 /* Pods-JLDishwasherUITests.release.xcconfig */;
			buildSettings = {
				ALWAYS_EMBED_SWIFT_STANDARD_LIBRARIES = YES;
				DEVELOPMENT_TEAM = VR63VSE8R3;
				INFOPLIST_FILE = JLDishwasherUITests/Info.plist;
				LD_RUNPATH_SEARCH_PATHS = "$(inherited) @executable_path/Frameworks @loader_path/Frameworks";
				PRODUCT_BUNDLE_IDENTIFIER = com.brightskyapps.JLDishwasherUITests;
				PRODUCT_NAME = "$(TARGET_NAME)";
				SWIFT_VERSION = 3.0;
				TEST_TARGET_NAME = JLDishwasher;
			};
			name = Release;
		};
/* End XCBuildConfiguration section */

/* Begin XCConfigurationList section */
		29167BD31E0ABD40007F2231 /* Build configuration list for PBXProject "JLDishwasher" */ = {
			isa = XCConfigurationList;
			buildConfigurations = (
				29167BFE1E0ABD40007F2231 /* Debug */,
				29167BFF1E0ABD40007F2231 /* Release */,
			);
			defaultConfigurationIsVisible = 0;
			defaultConfigurationName = Release;
		};
		29167C001E0ABD40007F2231 /* Build configuration list for PBXNativeTarget "JLDishwasher" */ = {
			isa = XCConfigurationList;
			buildConfigurations = (
				29167C011E0ABD40007F2231 /* Debug */,
				29167C021E0ABD40007F2231 /* Release */,
			);
			defaultConfigurationIsVisible = 0;
			defaultConfigurationName = Release;
		};
		29167C031E0ABD40007F2231 /* Build configuration list for PBXNativeTarget "JLDishwasherTests" */ = {
			isa = XCConfigurationList;
			buildConfigurations = (
				29167C041E0ABD40007F2231 /* Debug */,
				29167C051E0ABD40007F2231 /* Release */,
			);
			defaultConfigurationIsVisible = 0;
			defaultConfigurationName = Release;
		};
		29167C061E0ABD40007F2231 /* Build configuration list for PBXNativeTarget "JLDishwasherUITests" */ = {
			isa = XCConfigurationList;
			buildConfigurations = (
				29167C071E0ABD40007F2231 /* Debug */,
				29167C081E0ABD40007F2231 /* Release */,
			);
			defaultConfigurationIsVisible = 0;
			defaultConfigurationName = Release;
		};
/* End XCConfigurationList section */
	};
	rootObject = 29167BD01E0ABD40007F2231 /* Project object */;
}
